{
    "_readme": [
        "This file locks the dependencies of your project to a known state",
        "Read more about it at https://getcomposer.org/doc/01-basic-usage.md#composer-lock-the-lock-file",
        "This file is @generated automatically"
    ],
    "content-hash": "5e470a19994b6608580d52398121078e",
    "packages": [
        {
            "name": "adrienrn/php-mimetyper",
            "version": "0.2.0",
            "source": {
                "type": "git",
                "url": "https://github.com/adrienrn/php-mimetyper.git",
                "reference": "6e7c1f77669d7bdff20066a6c2bef533f72f5948"
            },
            "dist": {
                "type": "zip",
                "url": "https://api.github.com/repos/adrienrn/php-mimetyper/zipball/6e7c1f77669d7bdff20066a6c2bef533f72f5948",
                "reference": "6e7c1f77669d7bdff20066a6c2bef533f72f5948",
                "shasum": ""
            },
            "require": {
                "dflydev/apache-mime-types": "^1.0"
            },
            "type": "library",
            "autoload": {
                "psr-4": {
                    "MimeTyper\\": "src/"
                }
            },
            "notification-url": "https://packagist.org/downloads/",
            "license": [
                "MIT"
            ],
            "authors": [
                {
                    "name": "Hussard",
                    "email": "adrien.ricartnoblet@gmail.com"
                }
            ],
            "description": "PHP mime type and extension mapping library: compatible with Symfony, powered by jshttp/mime-db",
            "time": "2016-09-14T10:02:15+00:00"
        },
        {
            "name": "commerceguys/intl",
            "version": "v0.7.1",
            "source": {
                "type": "git",
                "url": "https://github.com/commerceguys/intl.git",
                "reference": "94a1f8f9a452bbb2e1bc5fbb3712796beb1ed3dd"
            },
            "dist": {
                "type": "zip",
                "url": "https://api.github.com/repos/commerceguys/intl/zipball/94a1f8f9a452bbb2e1bc5fbb3712796beb1ed3dd",
                "reference": "94a1f8f9a452bbb2e1bc5fbb3712796beb1ed3dd",
                "shasum": ""
            },
            "require": {
                "ext-bcmath": "*",
                "php": ">=5.4.0"
            },
            "require-dev": {
                "mikey179/vfsstream": "1.*",
                "phpunit/phpunit": "~4.0"
            },
            "type": "library",
            "extra": {
                "branch-alias": {
                    "dev-master": "0.x-dev"
                }
            },
            "autoload": {
                "psr-4": {
                    "CommerceGuys\\Intl\\": "src"
                }
            },
            "notification-url": "https://packagist.org/downloads/",
            "license": [
                "MIT"
            ],
            "authors": [
                {
                    "name": "Bojan Zivanovic"
                }
            ],
            "description": "Internationalization library powered by CLDR data.",
            "time": "2016-04-07T12:40:00+00:00"
        },
        {
            "name": "dflydev/apache-mime-types",
            "version": "v1.0.1",
            "source": {
                "type": "git",
                "url": "https://github.com/dflydev/dflydev-apache-mime-types.git",
                "reference": "f30a57e59b7476e4c5270b6a0727d79c9c0eb861"
            },
            "dist": {
                "type": "zip",
                "url": "https://api.github.com/repos/dflydev/dflydev-apache-mime-types/zipball/f30a57e59b7476e4c5270b6a0727d79c9c0eb861",
                "reference": "f30a57e59b7476e4c5270b6a0727d79c9c0eb861",
                "shasum": ""
            },
            "require": {
                "php": ">=5.3"
            },
            "require-dev": {
                "twig/twig": "1.*"
            },
            "type": "library",
            "extra": {
                "branch-alias": {
                    "dev-master": "1.0-dev"
                }
            },
            "autoload": {
                "psr-0": {
                    "Dflydev\\ApacheMimeTypes": "src"
                }
            },
            "notification-url": "https://packagist.org/downloads/",
            "license": [
                "MIT"
            ],
            "authors": [
                {
                    "name": "Dragonfly Development Inc.",
                    "email": "info@dflydev.com",
                    "homepage": "http://dflydev.com"
                },
                {
                    "name": "Beau Simensen",
                    "email": "beau@dflydev.com",
                    "homepage": "http://beausimensen.com"
                }
            ],
            "description": "Apache MIME Types",
            "keywords": [
                "apache",
                "mime",
                "mimetypes"
            ],
            "time": "2013-05-14T02:02:01+00:00"
        },
        {
            "name": "doctrine/cache",
            "version": "v1.5.4",
            "source": {
                "type": "git",
                "url": "https://github.com/doctrine/cache.git",
                "reference": "47cdc76ceb95cc591d9c79a36dc3794975b5d136"
            },
            "dist": {
                "type": "zip",
                "url": "https://api.github.com/repos/doctrine/cache/zipball/47cdc76ceb95cc591d9c79a36dc3794975b5d136",
                "reference": "47cdc76ceb95cc591d9c79a36dc3794975b5d136",
                "shasum": ""
            },
            "require": {
                "php": ">=5.3.2"
            },
            "conflict": {
                "doctrine/common": ">2.2,<2.4"
            },
            "require-dev": {
                "phpunit/phpunit": ">=3.7",
                "predis/predis": "~1.0",
                "satooshi/php-coveralls": "~0.6"
            },
            "type": "library",
            "extra": {
                "branch-alias": {
                    "dev-master": "1.5.x-dev"
                }
            },
            "autoload": {
                "psr-4": {
                    "Doctrine\\Common\\Cache\\": "lib/Doctrine/Common/Cache"
                }
            },
            "notification-url": "https://packagist.org/downloads/",
            "license": [
                "MIT"
            ],
            "authors": [
                {
                    "name": "Roman Borschel",
                    "email": "roman@code-factory.org"
                },
                {
                    "name": "Benjamin Eberlei",
                    "email": "kontakt@beberlei.de"
                },
                {
                    "name": "Guilherme Blanco",
                    "email": "guilhermeblanco@gmail.com"
                },
                {
                    "name": "Jonathan Wage",
                    "email": "jonwage@gmail.com"
                },
                {
                    "name": "Johannes Schmitt",
                    "email": "schmittjoh@gmail.com"
                }
            ],
            "description": "Caching library offering an object-oriented API for many cache backends",
            "homepage": "http://www.doctrine-project.org",
            "keywords": [
                "cache",
                "caching"
            ],
            "time": "2015-12-19T05:03:47+00:00"
        },
        {
            "name": "ircmaxell/random-lib",
            "version": "v1.1.0",
            "source": {
                "type": "git",
                "url": "https://github.com/ircmaxell/RandomLib.git",
                "reference": "13efa4368bb2ac88bb3b1459b487d907de4dbf7c"
            },
            "dist": {
                "type": "zip",
                "url": "https://api.github.com/repos/ircmaxell/RandomLib/zipball/13efa4368bb2ac88bb3b1459b487d907de4dbf7c",
                "reference": "13efa4368bb2ac88bb3b1459b487d907de4dbf7c",
                "shasum": ""
            },
            "require": {
                "ircmaxell/security-lib": "1.0.*@dev",
                "php": ">=5.3.2"
            },
            "require-dev": {
                "mikey179/vfsstream": "1.1.*",
                "phpunit/phpunit": "3.7.*"
            },
            "type": "library",
            "extra": {
                "branch-alias": {
                    "dev-master": "1.0.x-dev"
                }
            },
            "autoload": {
                "psr-0": {
                    "RandomLib": "lib"
                }
            },
            "notification-url": "https://packagist.org/downloads/",
            "license": [
                "MIT"
            ],
            "authors": [
                {
                    "name": "Anthony Ferrara",
                    "email": "ircmaxell@ircmaxell.com",
                    "homepage": "http://blog.ircmaxell.com"
                }
            ],
            "description": "A Library For Generating Secure Random Numbers",
            "homepage": "https://github.com/ircmaxell/RandomLib",
            "keywords": [
                "cryptography",
                "random",
                "random-numbers",
                "random-strings"
            ],
            "time": "2015-01-15T16:31:45+00:00"
        },
        {
            "name": "ircmaxell/security-lib",
            "version": "1.0.0",
            "source": {
                "type": "git",
                "url": "https://github.com/ircmaxell/SecurityLib.git",
                "reference": "80934de3c482dcafb46b5756e59ebece082b6dc7"
            },
            "dist": {
                "type": "zip",
                "url": "https://api.github.com/repos/ircmaxell/SecurityLib/zipball/80934de3c482dcafb46b5756e59ebece082b6dc7",
                "reference": "80934de3c482dcafb46b5756e59ebece082b6dc7",
                "shasum": ""
            },
            "require": {
                "php": ">=5.3.2"
            },
            "require-dev": {
                "mikey179/vfsstream": "1.1.*"
            },
            "type": "library",
            "autoload": {
                "psr-0": {
                    "SecurityLib": "lib"
                }
            },
            "notification-url": "https://packagist.org/downloads/",
            "license": [
                "MIT"
            ],
            "authors": [
                {
                    "name": "Anthony Ferrara",
                    "email": "ircmaxell@ircmaxell.com",
                    "homepage": "http://blog.ircmaxell.com"
                }
            ],
            "description": "A Base Security Library",
            "homepage": "https://github.com/ircmaxell/PHP-SecurityLib",
            "time": "2013-04-30T18:00:34+00:00"
        },
        {
            "name": "madhouse/autoloader",
            "version": "1.00",
            "source": {
                "type": "git",
                "url": "git@bitbucket.org:muchmuch/madhouse_autoloader.git",
                "reference": "4462ec6ca3eb3928eef326e9f94c01338fb689a7"
            },
            "type": "library",
            "license": [
                "Apache-2.0"
            ],
            "authors": [
                {
                    "name": "MADHOUSE",
                    "email": "contact.wearemadhouse@gmail.com"
                }
            ],
            "description": "Custom autoloader (composer-way) for Osclass plugins.",
            "time": "2015-02-09T13:48:43+00:00"
        },
        {
            "name": "madhouse/utils",
            "version": "1.25.3-rc.1",
            "source": {
                "type": "git",
                "url": "git@bitbucket.org:muchmuch/madhouse_utils.git",
                "reference": "ef65674d4fab42955b00a007690b597cff603e0d"
            },
            "require": {
                "adrienrn/php-mimetyper": "~0.2",
                "commerceguys/intl": "0.*",
                "doctrine/cache": "1.5.*",
                "ircmaxell/random-lib": "1.1.0",
                "monolog/monolog": "1.*",
                "mustache/mustache": "2.7"
            },
            "type": "library",
            "autoload": {
                "psr-0": {
                    "Madhouse": "classes/"
                },
                "psr-4": {
                    "Madhouse\\": "classes/"
                },
                "files": [
                    "index.php"
                ]
            },
            "license": [
                "Apache-2.0"
            ],
            "authors": [
                {
                    "name": "MADHOUSE",
                    "email": "contact.wearemadhouse@gmail.com"
                }
            ],
            "description": "Toolkit for Osclass plugins & themes, designed by Madhouse.",
            "time": "2017-06-26T08:17:25+00:00"
        },
        {
            "name": "monolog/monolog",
            "version": "1.21.0",
            "source": {
                "type": "git",
                "url": "https://github.com/Seldaek/monolog.git",
                "reference": "f42fbdfd53e306bda545845e4dbfd3e72edb4952"
            },
            "dist": {
                "type": "zip",
                "url": "https://api.github.com/repos/Seldaek/monolog/zipball/f42fbdfd53e306bda545845e4dbfd3e72edb4952",
                "reference": "f42fbdfd53e306bda545845e4dbfd3e72edb4952",
                "shasum": ""
            },
            "require": {
                "php": ">=5.3.0",
                "psr/log": "~1.0"
            },
            "provide": {
                "psr/log-implementation": "1.0.0"
            },
            "require-dev": {
                "aws/aws-sdk-php": "^2.4.9",
                "doctrine/couchdb": "~1.0@dev",
                "graylog2/gelf-php": "~1.0",
                "jakub-onderka/php-parallel-lint": "0.9",
                "php-amqplib/php-amqplib": "~2.4",
                "php-console/php-console": "^3.1.3",
                "phpunit/phpunit": "~4.5",
                "phpunit/phpunit-mock-objects": "2.3.0",
                "ruflin/elastica": ">=0.90 <3.0",
                "sentry/sentry": "^0.13",
                "swiftmailer/swiftmailer": "~5.3"
            },
            "suggest": {
                "aws/aws-sdk-php": "Allow sending log messages to AWS services like DynamoDB",
                "doctrine/couchdb": "Allow sending log messages to a CouchDB server",
                "ext-amqp": "Allow sending log messages to an AMQP server (1.0+ required)",
                "ext-mongo": "Allow sending log messages to a MongoDB server",
                "graylog2/gelf-php": "Allow sending log messages to a GrayLog2 server",
                "mongodb/mongodb": "Allow sending log messages to a MongoDB server via PHP Driver",
                "php-amqplib/php-amqplib": "Allow sending log messages to an AMQP server using php-amqplib",
                "php-console/php-console": "Allow sending log messages to Google Chrome",
                "rollbar/rollbar": "Allow sending log messages to Rollbar",
                "ruflin/elastica": "Allow sending log messages to an Elastic Search server",
                "sentry/sentry": "Allow sending log messages to a Sentry server"
            },
            "type": "library",
            "extra": {
                "branch-alias": {
                    "dev-master": "2.0.x-dev"
                }
            },
            "autoload": {
                "psr-4": {
                    "Monolog\\": "src/Monolog"
                }
            },
            "notification-url": "https://packagist.org/downloads/",
            "license": [
                "MIT"
            ],
            "authors": [
                {
                    "name": "Jordi Boggiano",
                    "email": "j.boggiano@seld.be",
                    "homepage": "http://seld.be"
                }
            ],
            "description": "Sends your logs to files, sockets, inboxes, databases and various web services",
            "homepage": "http://github.com/Seldaek/monolog",
            "keywords": [
                "log",
                "logging",
                "psr-3"
            ],
            "time": "2016-07-29T03:23:52+00:00"
        },
        {
            "name": "mustache/mustache",
            "version": "v2.7.0",
            "source": {
                "type": "git",
                "url": "https://github.com/bobthecow/mustache.php.git",
                "reference": "fdf41dd673dc99b41d60992470dbae94ae0b6ba1"
            },
            "dist": {
                "type": "zip",
                "url": "https://api.github.com/repos/bobthecow/mustache.php/zipball/fdf41dd673dc99b41d60992470dbae94ae0b6ba1",
                "reference": "fdf41dd673dc99b41d60992470dbae94ae0b6ba1",
                "shasum": ""
            },
            "require": {
                "php": ">=5.2.4"
            },
            "require-dev": {
                "phpunit/phpunit": "*"
            },
            "type": "library",
            "autoload": {
                "psr-0": {
                    "Mustache": "src/"
                }
            },
            "notification-url": "https://packagist.org/downloads/",
            "license": [
                "MIT"
            ],
            "authors": [
                {
                    "name": "Justin Hileman",
                    "email": "justin@justinhileman.info",
                    "homepage": "http://justinhileman.com"
                }
            ],
            "description": "A Mustache implementation in PHP.",
            "homepage": "https://github.com/bobthecow/mustache.php",
            "keywords": [
                "mustache",
                "templating"
            ],
            "time": "2014-08-26T19:50:10+00:00"
        },
        {
            "name": "psr/log",
            "version": "1.0.1",
            "source": {
                "type": "git",
                "url": "https://github.com/php-fig/log.git",
                "reference": "5277094ed527a1c4477177d102fe4c53551953e0"
            },
            "dist": {
                "type": "zip",
                "url": "https://api.github.com/repos/php-fig/log/zipball/5277094ed527a1c4477177d102fe4c53551953e0",
                "reference": "5277094ed527a1c4477177d102fe4c53551953e0",
                "shasum": ""
            },
            "require": {
                "php": ">=5.3.0"
            },
            "type": "library",
            "extra": {
                "branch-alias": {
                    "dev-master": "1.0.x-dev"
                }
            },
            "autoload": {
                "psr-4": {
                    "Psr\\Log\\": "Psr/Log/"
                }
            },
            "notification-url": "https://packagist.org/downloads/",
            "license": [
                "MIT"
            ],
            "authors": [
                {
                    "name": "PHP-FIG",
                    "homepage": "http://www.php-fig.org/"
                }
            ],
            "description": "Common interface for logging libraries",
            "homepage": "https://github.com/php-fig/log",
            "keywords": [
                "log",
                "psr",
                "psr-3"
            ],
            "time": "2016-09-19T16:02:08+00:00"
        }
    ],
    "packages-dev": [],
    "aliases": [],
    "minimum-stability": "stable",
    "stability-flags": {
        "madhouse/utils": 5
    },
    "prefer-stable": false,
    "prefer-lowest": false,
    "platform": [],
    "platform-dev": []
}
